
Microsoft Visual Studio Solution File, Format Version 12.00
# Visual Studio Version 16
VisualStudioVersion = 16.0.29709.97
MinimumVisualStudioVersion = 10.0.40219.1
Project("{9A19103F-16F7-4668-BE54-9A1E7A4F7556}") = "Wtw", "Wtw\Wtw.csproj", "{1EBB3BA1-185A-488A-879A-D1974619D2A5}"
EndProject
Project("{FAE04EC0-301F-11D3-BF4B-00C04F79EFBC}") = "WtwTest", "WtwTest\WtwTest.csproj", "{78C2AD9D-FEC3-4C26-82E5-10BF1A8AAAD2}"
EndProject
Global
	GlobalSection(SolutionConfigurationPlatforms) = preSolution
		Debug|Any CPU = Debug|Any CPU
		Release|Any CPU = Release|Any CPU
	EndGlobalSection
	GlobalSection(ProjectConfigurationPlatforms) = postSolution
		{1EBB3BA1-185A-488A-879A-D1974619D2A5}.Debug|Any CPU.ActiveCfg = Debug|Any CPU
		{1EBB3BA1-185A-488A-879A-D1974619D2A5}.Debug|Any CPU.Build.0 = Debug|Any CPU
		{1EBB3BA1-185A-488A-879A-D1974619D2A5}.Release|Any CPU.ActiveCfg = Release|Any CPU
		{1EBB3BA1-185A-488A-879A-D1974619D2A5}.Release|Any CPU.Build.0 = Release|Any CPU
		{78C2AD9D-FEC3-4C26-82E5-10BF1A8AAAD2}.Debug|Any CPU.ActiveCfg = Debug|Any CPU
		{78C2AD9D-FEC3-4C26-82E5-10BF1A8AAAD2}.Debug|Any CPU.Build.0 = Debug|Any CPU
		{78C2AD9D-FEC3-4C26-82E5-10BF1A8AAAD2}.Release|Any CPU.ActiveCfg = Release|Any CPU
		{78C2AD9D-FEC3-4C26-82E5-10BF1A8AAAD2}.Release|Any CPU.Build.0 = Release|Any CPU
	EndGlobalSection
	GlobalSection(SolutionProperties) = preSolution
		HideSolutionNode = FALSE
	EndGlobalSection
	GlobalSection(ExtensibilityGlobals) = postSolution
		SolutionGuid = {DA8520C8-7249-4DA5-83A1-552F1E3818A7}
	EndGlobalSection
EndGlobal
